{
  "name": "@graphslop/workspace",
  "version": "0.0.0",
  "lockfileVersion": 3,
  "requires": true,
  "packages": {
    "": {
      "name": "@graphslop/workspace",
      "version": "0.0.0",
      "workspaces": [
        "apps/*",
        "packages/*"
      ],
      "devDependencies": {
        "typescript": "5.9.3"
      },
      "engines": {
        "node": "24.x",
        "npm": "11.x"
      }
    },
    "apps/control-plane": {
      "name": "@graphslop/control-plane",
      "version": "0.0.0"
    },
    "apps/runner": {
      "name": "@graphslop/runner",
      "version": "0.0.0"
    },
    "node_modules/@graphslop/codex-adapter": {
      "resolved": "packages/codex-adapter",
      "link": true
    },
    "node_modules/@graphslop/contracts": {
      "resolved": "packages/contracts",
      "link": true
    },
    "node_modules/@graphslop/control-plane": {
      "resolved": "apps/control-plane",
      "link": true
    },
    "node_modules/@graphslop/control-state": {
      "resolved": "packages/control-state",
      "link": true
    },
    "node_modules/@graphslop/file-store": {
      "resolved": "packages/file-store",
      "link": true
    },
    "node_modules/@graphslop/graph-kernel": {
      "resolved": "packages/graph-kernel",
      "link": true
    },
    "node_modules/@graphslop/runner": {
      "resolved": "apps/runner",
      "link": true
    },
    "node_modules/@graphslop/testing": {
      "resolved": "packages/testing",
      "link": true
    },
    "node_modules/typescript": {
      "version": "5.9.3",
      "resolved": "https://registry.npmjs.org/typescript/-/typescript-5.9.3.tgz",
      "integrity": "sha512-jl1vZzPDinLr9eUt3J/t7V6FgNEw9QjvBPdysz9KfQDD41fQrC2Y4vKQdiaUpFT4bXlb1RHhLpp8wtm6M5TgSw==",
      "dev": true,
      "license": "Apache-2.0",
      "bin": {
        "tsc": "bin/tsc",
        "tsserver": "bin/tsserver"
      },
      "engines": {
        "node": ">=14.17"
      }
    },
    "packages/codex-adapter": {
      "name": "@graphslop/codex-adapter",
      "version": "0.0.0"
    },
    "packages/contracts": {
      "name": "@graphslop/contracts",
      "version": "0.0.0"
    },
    "packages/control-state": {
      "name": "@graphslop/control-state",
      "version": "0.0.0"
    },
    "packages/file-store": {
      "name": "@graphslop/file-store",
      "version": "0.0.0"
    },
    "packages/graph-kernel": {
      "name": "@graphslop/graph-kernel",
      "version": "0.0.0"
    },
    "packages/testing": {
      "name": "@graphslop/testing",
      "version": "0.0.0"
    }
  }
}
